
Microsoft Visual Studio Solution File, Format Version 12.00
# Visual Studio Version 17
VisualStudioVersion = 17.8.34322.80
MinimumVisualStudioVersion = 10.0.40219.1
Project("{FAE04EC0-301F-11D3-BF4B-00C04F79EFBC}") = "prog3_practica_linq_vehiculos", "prog3_practica_linq_vehiculos\prog3_practica_linq_vehiculos.csproj", "{70CCDBE6-B451-4BDC-86E5-D785F315206C}"
EndProject
Global
	GlobalSection(SolutionConfigurationPlatforms) = preSolution
		Debug|Any CPU = Debug|Any CPU
		Release|Any CPU = Release|Any CPU
	EndGlobalSection
	GlobalSection(ProjectConfigurationPlatforms) = postSolution
		{70CCDBE6-B451-4BDC-86E5-D785F315206C}.Debug|Any CPU.ActiveCfg = Debug|Any CPU
		{70CCDBE6-B451-4BDC-86E5-D785F315206C}.Debug|Any CPU.Build.0 = Debug|Any CPU
		{70CCDBE6-B451-4BDC-86E5-D785F315206C}.Release|Any CPU.ActiveCfg = Release|Any CPU
		{70CCDBE6-B451-4BDC-86E5-D785F315206C}.Release|Any CPU.Build.0 = Release|Any CPU
	EndGlobalSection
	GlobalSection(SolutionProperties) = preSolution
		HideSolutionNode = FALSE
	EndGlobalSection
	GlobalSection(ExtensibilityGlobals) = postSolution
		SolutionGuid = {06B5340D-D0F0-4F13-ABC2-2E4276F4E3D1}
	EndGlobalSection
EndGlobal
